Microsoft Visual Studio Solution File, Format Version 12.00
# Visual Studio 15
Project("{8BC9CEB8-8B4A-11D0-8D11-00A0C91BC942}") = "ALL_BUILD", "ALL_BUILD.vcxproj", "{D11C2DBF-3A1E-3422-ABB2-5A2A780EBF0D}"
	ProjectSection(ProjectDependencies) = postProject
		{4CB321EC-F040-3D47-BEDC-743FD3C55396} = {4CB321EC-F040-3D47-BEDC-743FD3C55396}
		{41409754-5A08-3B3C-842A-A8B0DDA52D6A} = {41409754-5A08-3B3C-842A-A8B0DDA52D6A}
		{38DE95CD-6594-30B2-B721-BB5F05908F70} = {38DE95CD-6594-30B2-B721-BB5F05908F70}
		{DCA3A7BF-6E7F-3670-ABF7-C081D60A6C4A} = {DCA3A7BF-6E7F-3670-ABF7-C081D60A6C4A}
	EndProjectSection
EndProject
Project("{8BC9CEB8-8B4A-11D0-8D11-00A0C91BC942}") = "INSTALL", "INSTALL.vcxproj", "{0D4FB567-95F9-3C76-9E36-57620B2D9F68}"
	ProjectSection(ProjectDependencies) = postProject
		{D11C2DBF-3A1E-3422-ABB2-5A2A780EBF0D} = {D11C2DBF-3A1E-3422-ABB2-5A2A780EBF0D}
		{4CB321EC-F040-3D47-BEDC-743FD3C55396} = {4CB321EC-F040-3D47-BEDC-743FD3C55396}
	EndProjectSection
EndProject
Project("{8BC9CEB8-8B4A-11D0-8D11-00A0C91BC942}") = "ZERO_CHECK", "ZERO_CHECK.vcxproj", "{4CB321EC-F040-3D47-BEDC-743FD3C55396}"
	ProjectSection(ProjectDependencies) = postProject
	EndProjectSection
EndProject
Project("{8BC9CEB8-8B4A-11D0-8D11-00A0C91BC942}") = "libstudxml", "source\third-party\libstudxml\libstudxml.vcxproj", "{41409754-5A08-3B3C-842A-A8B0DDA52D6A}"
	ProjectSection(ProjectDependencies) = postProject
		{4CB321EC-F040-3D47-BEDC-743FD3C55396} = {4CB321EC-F040-3D47-BEDC-743FD3C55396}
	EndProjectSection
EndProject
Project("{8BC9CEB8-8B4A-11D0-8D11-00A0C91BC942}") = "uninstall", "source\uninstall.vcxproj", "{24E11455-B846-3899-A803-6DD19580F48B}"
	ProjectSection(ProjectDependencies) = postProject
		{4CB321EC-F040-3D47-BEDC-743FD3C55396} = {4CB321EC-F040-3D47-BEDC-743FD3C55396}
	EndProjectSection
EndProject
Project("{8BC9CEB8-8B4A-11D0-8D11-00A0C91BC942}") = "xlnt", "source\xlnt.vcxproj", "{38DE95CD-6594-30B2-B721-BB5F05908F70}"
	ProjectSection(ProjectDependencies) = postProject
		{4CB321EC-F040-3D47-BEDC-743FD3C55396} = {4CB321EC-F040-3D47-BEDC-743FD3C55396}
		{41409754-5A08-3B3C-842A-A8B0DDA52D6A} = {41409754-5A08-3B3C-842A-A8B0DDA52D6A}
	EndProjectSection
EndProject
Project("{8BC9CEB8-8B4A-11D0-8D11-00A0C91BC942}") = "xlnt.test", "tests\xlnt.test.vcxproj", "{DCA3A7BF-6E7F-3670-ABF7-C081D60A6C4A}"
	ProjectSection(ProjectDependencies) = postProject
		{4CB321EC-F040-3D47-BEDC-743FD3C55396} = {4CB321EC-F040-3D47-BEDC-743FD3C55396}
		{41409754-5A08-3B3C-842A-A8B0DDA52D6A} = {41409754-5A08-3B3C-842A-A8B0DDA52D6A}
		{38DE95CD-6594-30B2-B721-BB5F05908F70} = {38DE95CD-6594-30B2-B721-BB5F05908F70}
	EndProjectSection
EndProject
Global
	GlobalSection(SolutionConfigurationPlatforms) = preSolution
		Debug|Win32 = Debug|Win32
		Release|Win32 = Release|Win32
		MinSizeRel|Win32 = MinSizeRel|Win32
		RelWithDebInfo|Win32 = RelWithDebInfo|Win32
	EndGlobalSection
	GlobalSection(ProjectConfigurationPlatforms) = postSolution
		{D11C2DBF-3A1E-3422-ABB2-5A2A780EBF0D}.Debug|Win32.ActiveCfg = Debug|Win32
		{D11C2DBF-3A1E-3422-ABB2-5A2A780EBF0D}.Debug|Win32.Build.0 = Debug|Win32
		{D11C2DBF-3A1E-3422-ABB2-5A2A780EBF0D}.Release|Win32.ActiveCfg = Release|Win32
		{D11C2DBF-3A1E-3422-ABB2-5A2A780EBF0D}.Release|Win32.Build.0 = Release|Win32
		{D11C2DBF-3A1E-3422-ABB2-5A2A780EBF0D}.MinSizeRel|Win32.ActiveCfg = MinSizeRel|Win32
		{D11C2DBF-3A1E-3422-ABB2-5A2A780EBF0D}.MinSizeRel|Win32.Build.0 = MinSizeRel|Win32
		{D11C2DBF-3A1E-3422-ABB2-5A2A780EBF0D}.RelWithDebInfo|Win32.ActiveCfg = RelWithDebInfo|Win32
		{D11C2DBF-3A1E-3422-ABB2-5A2A780EBF0D}.RelWithDebInfo|Win32.Build.0 = RelWithDebInfo|Win32
		{0D4FB567-95F9-3C76-9E36-57620B2D9F68}.Debug|Win32.ActiveCfg = Debug|Win32
		{0D4FB567-95F9-3C76-9E36-57620B2D9F68}.Release|Win32.ActiveCfg = Release|Win32
		{0D4FB567-95F9-3C76-9E36-57620B2D9F68}.MinSizeRel|Win32.ActiveCfg = MinSizeRel|Win32
		{0D4FB567-95F9-3C76-9E36-57620B2D9F68}.RelWithDebInfo|Win32.ActiveCfg = RelWithDebInfo|Win32
		{4CB321EC-F040-3D47-BEDC-743FD3C55396}.Debug|Win32.ActiveCfg = Debug|Win32
		{4CB321EC-F040-3D47-BEDC-743FD3C55396}.Debug|Win32.Build.0 = Debug|Win32
		{4CB321EC-F040-3D47-BEDC-743FD3C55396}.Release|Win32.ActiveCfg = Release|Win32
		{4CB321EC-F040-3D47-BEDC-743FD3C55396}.Release|Win32.Build.0 = Release|Win32
		{4CB321EC-F040-3D47-BEDC-743FD3C55396}.MinSizeRel|Win32.ActiveCfg = MinSizeRel|Win32
		{4CB321EC-F040-3D47-BEDC-743FD3C55396}.MinSizeRel|Win32.Build.0 = MinSizeRel|Win32
		{4CB321EC-F040-3D47-BEDC-743FD3C55396}.RelWithDebInfo|Win32.ActiveCfg = RelWithDebInfo|Win32
		{4CB321EC-F040-3D47-BEDC-743FD3C55396}.RelWithDebInfo|Win32.Build.0 = RelWithDebInfo|Win32
		{41409754-5A08-3B3C-842A-A8B0DDA52D6A}.Debug|Win32.ActiveCfg = Debug|Win32
		{41409754-5A08-3B3C-842A-A8B0DDA52D6A}.Debug|Win32.Build.0 = Debug|Win32
		{41409754-5A08-3B3C-842A-A8B0DDA52D6A}.Release|Win32.ActiveCfg = Release|Win32
		{41409754-5A08-3B3C-842A-A8B0DDA52D6A}.Release|Win32.Build.0 = Release|Win32
		{41409754-5A08-3B3C-842A-A8B0DDA52D6A}.MinSizeRel|Win32.ActiveCfg = MinSizeRel|Win32
		{41409754-5A08-3B3C-842A-A8B0DDA52D6A}.MinSizeRel|Win32.Build.0 = MinSizeRel|Win32
		{41409754-5A08-3B3C-842A-A8B0DDA52D6A}.RelWithDebInfo|Win32.ActiveCfg = RelWithDebInfo|Win32
		{41409754-5A08-3B3C-842A-A8B0DDA52D6A}.RelWithDebInfo|Win32.Build.0 = RelWithDebInfo|Win32
		{24E11455-B846-3899-A803-6DD19580F48B}.Debug|Win32.ActiveCfg = Debug|Win32
		{24E11455-B846-3899-A803-6DD19580F48B}.Release|Win32.ActiveCfg = Release|Win32
		{24E11455-B846-3899-A803-6DD19580F48B}.MinSizeRel|Win32.ActiveCfg = MinSizeRel|Win32
		{24E11455-B846-3899-A803-6DD19580F48B}.RelWithDebInfo|Win32.ActiveCfg = RelWithDebInfo|Win32
		{38DE95CD-6594-30B2-B721-BB5F05908F70}.Debug|Win32.ActiveCfg = Debug|Win32
		{38DE95CD-6594-30B2-B721-BB5F05908F70}.Debug|Win32.Build.0 = Debug|Win32
		{38DE95CD-6594-30B2-B721-BB5F05908F70}.Release|Win32.ActiveCfg = Release|Win32
		{38DE95CD-6594-30B2-B721-BB5F05908F70}.Release|Win32.Build.0 = Release|Win32
		{38DE95CD-6594-30B2-B721-BB5F05908F70}.MinSizeRel|Win32.ActiveCfg = MinSizeRel|Win32
		{38DE95CD-6594-30B2-B721-BB5F05908F70}.MinSizeRel|Win32.Build.0 = MinSizeRel|Win32
		{38DE95CD-6594-30B2-B721-BB5F05908F70}.RelWithDebInfo|Win32.ActiveCfg = RelWithDebInfo|Win32
		{38DE95CD-6594-30B2-B721-BB5F05908F70}.RelWithDebInfo|Win32.Build.0 = RelWithDebInfo|Win32
		{DCA3A7BF-6E7F-3670-ABF7-C081D60A6C4A}.Debug|Win32.ActiveCfg = Debug|Win32
		{DCA3A7BF-6E7F-3670-ABF7-C081D60A6C4A}.Debug|Win32.Build.0 = Debug|Win32
		{DCA3A7BF-6E7F-3670-ABF7-C081D60A6C4A}.Release|Win32.ActiveCfg = Release|Win32
		{DCA3A7BF-6E7F-3670-ABF7-C081D60A6C4A}.Release|Win32.Build.0 = Release|Win32
		{DCA3A7BF-6E7F-3670-ABF7-C081D60A6C4A}.MinSizeRel|Win32.ActiveCfg = MinSizeRel|Win32
		{DCA3A7BF-6E7F-3670-ABF7-C081D60A6C4A}.MinSizeRel|Win32.Build.0 = MinSizeRel|Win32
		{DCA3A7BF-6E7F-3670-ABF7-C081D60A6C4A}.RelWithDebInfo|Win32.ActiveCfg = RelWithDebInfo|Win32
		{DCA3A7BF-6E7F-3670-ABF7-C081D60A6C4A}.RelWithDebInfo|Win32.Build.0 = RelWithDebInfo|Win32
	EndGlobalSection
	GlobalSection(ExtensibilityGlobals) = postSolution
		SolutionGuid = {D34E92DE-1A33-30D9-A871-14C0057B0448}
	EndGlobalSection
	GlobalSection(ExtensibilityAddIns) = postSolution
	EndGlobalSection
EndGlobal
